{
  "version": "3",
  "packages": {
    "specifiers": {
      "jsr:@b-fuze/deno-dom": "jsr:@b-fuze/deno-dom@0.1.47",
      "npm:instagram-web-api": "npm:instagram-web-api@2.2.2_request@2.88.2"
    },
    "jsr": {
      "@b-fuze/deno-dom@0.1.47": {
        "integrity": "270a888de91329f8ce3849211ece0ad97ce1e8b9a8a774f2bed2f43c8b0ffe8e"
      }
    },
    "npm": {
      "@sindresorhus/fnv1a@1.2.0": {
        "integrity": "sha512-5ezb/dBSTWtKQ4sLQwMgOJyREXJcZZkTMbendMwKrXTghUhWjZhstzkkmt4/WkFy/GSTSGzfJOKU7dEXv3C/XQ==",
        "dependencies": {}
      },
      "@sindresorhus/string-hash@1.2.0": {
        "integrity": "sha512-DLUEF2sS37k9QwG5mVP36suIVJO0vmXRvUCJT7s17AbMxCJMoyV/X5nAy3sEgB84MkHJd2WmEMtCSfmhZNk46A==",
        "dependencies": {
          "@sindresorhus/fnv1a": "@sindresorhus/fnv1a@1.2.0"
        }
      },
      "@types/color-convert@2.0.3": {
        "integrity": "sha512-2Q6wzrNiuEvYxVQqhh7sXM2mhIhvZR/Paq4FdsQkOMgWsCIkKvSGj8Le1/XalulrmgOzPMqNa0ix+ePY4hTrfg==",
        "dependencies": {
          "@types/color-name": "@types/color-name@1.1.4"
        }
      },
      "@types/color-name@1.1.4": {
        "integrity": "sha512-hulKeREDdLFesGQjl96+4aoJSHY5b2GRjagzzcqCfIrWhe5vkCqIvrLbqzBaI1q94Vg8DNJZZqTR5ocdWmWclg==",
        "dependencies": {}
      },
      "@types/color@3.0.6": {
        "integrity": "sha512-NMiNcZFRUAiUUCCf7zkAelY8eV3aKqfbzyFQlXpPIEeoNDbsEHGpb854V3gzTsGKYj830I5zPuOwU/TP5/cW6A==",
        "dependencies": {
          "@types/color-convert": "@types/color-convert@2.0.3"
        }
      },
      "ajv@6.12.6": {
        "integrity": "sha512-j3fVLgvTo527anyYyJOGTYJbG+vnnQYvE0m5mmkc1TK+nxAppkCLMIL0aZ4dblVCNoGShhm+kzE4ZUykBoMg4g==",
        "dependencies": {
          "fast-deep-equal": "fast-deep-equal@3.1.3",
          "fast-json-stable-stringify": "fast-json-stable-stringify@2.1.0",
          "json-schema-traverse": "json-schema-traverse@0.4.1",
          "uri-js": "uri-js@4.4.1"
        }
      },
      "asn1@0.2.6": {
        "integrity": "sha512-ix/FxPn0MDjeyJ7i/yoHGFt/EX6LyNbxSEhPPXODPL+KB0VPk86UYfL0lMdy+KCnv+fmvIzySwaK5COwqVbWTQ==",
        "dependencies": {
          "safer-buffer": "safer-buffer@2.1.2"
        }
      },
      "assert-plus@1.0.0": {
        "integrity": "sha512-NfJ4UzBCcQGLDlQq7nHxH+tv3kyZ0hHQqF5BO6J7tNJeP5do1llPr8dZ8zHonfhAu0PHAdMkSo+8o0wxg9lZWw==",
        "dependencies": {}
      },
      "asynckit@0.4.0": {
        "integrity": "sha512-Oei9OH4tRh0YqU3GxhX79dM/mwVgvbZJaSNaRk+bshkj0S5cfHcgYakreBjrHwatXKbz+IoIdYLxrKim2MjW0Q==",
        "dependencies": {}
      },
      "aws-sign2@0.7.0": {
        "integrity": "sha512-08kcGqnYf/YmjoRhfxyu+CLxBjUtHLXLXX/vUfx9l2LYzG3c1m61nrpyFUZI6zeS+Li/wWMMidD9KgrqtGq3mA==",
        "dependencies": {}
      },
      "aws4@1.13.0": {
        "integrity": "sha512-3AungXC4I8kKsS9PuS4JH2nc+0bVY/mjgrephHTIi8fpEeGsTHBUJeosp0Wc1myYMElmD0B3Oc4XL/HVJ4PV2g==",
        "dependencies": {}
      },
      "bcrypt-pbkdf@1.0.2": {
        "integrity": "sha512-qeFIXtP4MSoi6NLqO12WfqARWWuCKi2Rn/9hJLEmtB5yTNr9DqFWkJRCf2qShWzPeAMRnOgCrq0sg/KLv5ES9w==",
        "dependencies": {
          "tweetnacl": "tweetnacl@0.14.5"
        }
      },
      "caseless@0.12.0": {
        "integrity": "sha512-4tYFyifaFfGacoiObjJegolkwSU4xQNGbVgUiNYVUxbQ2x2lUsFvY4hVgVzGiIe6WLOPqycWXA40l+PWsxthUw==",
        "dependencies": {}
      },
      "color-convert@1.9.3": {
        "integrity": "sha512-QfAUtd+vFdAtFQcC8CCyYt1fYWxSqAiK2cSD6zDB8N3cpsEBAvRxp9zOGg6G/SHHJYAT88/az/IuDGALsNVbGg==",
        "dependencies": {
          "color-name": "color-name@1.1.3"
        }
      },
      "color-name@1.1.3": {
        "integrity": "sha512-72fSenhMw2HZMTVHeCA9KCmpEIbzWiQsjN+BHcBbS9vr1mtt+vJjPdksIBNUmKAW8TFUDPJK5SUU3QhE9NEXDw==",
        "dependencies": {}
      },
      "color-string@1.9.1": {
        "integrity": "sha512-shrVawQFojnZv6xM40anx4CkoDP+fZsw/ZerEMsW/pyzsRbElpsL/DBVW7q3ExxwusdNXI3lXpuhEZkzs8p5Eg==",
        "dependencies": {
          "color-name": "color-name@1.1.3",
          "simple-swizzle": "simple-swizzle@0.2.2"
        }
      },
      "color@3.2.1": {
        "integrity": "sha512-aBl7dZI9ENN6fUGC7mWpMTPNHmWUSNan9tuWN6ahh5ZLNk9baLJOnSMlrQkHcrfFgz2/RigjUVAjdx36VcemKA==",
        "dependencies": {
          "color-convert": "color-convert@1.9.3",
          "color-string": "color-string@1.9.1"
        }
      },
      "combined-stream@1.0.8": {
        "integrity": "sha512-FQN4MRfuJeHf7cBbBMJFXhKSDq+2kAArBlmRBvcvFE5BB1HZKXtSFASDhdlz9zOYwxh8lDdnvmMOe/+5cdoEdg==",
        "dependencies": {
          "delayed-stream": "delayed-stream@1.0.0"
        }
      },
      "core-util-is@1.0.2": {
        "integrity": "sha512-3lqz5YjWTYnW6dlDa5TLaTCcShfar1e40rmcJVwCBJC6mWlFuj0eCHIElmG1g5kyuJ/GD+8Wn4FFCcz4gJPfaQ==",
        "dependencies": {}
      },
      "dashdash@1.14.1": {
        "integrity": "sha512-jRFi8UDGo6j+odZiEpjazZaWqEal3w/basFjQHQEwVtZJGDpxbH1MeYluwCS8Xq5wmLJooDlMgvVarmWfGM44g==",
        "dependencies": {
          "assert-plus": "assert-plus@1.0.0"
        }
      },
      "delayed-stream@1.0.0": {
        "integrity": "sha512-ZySD7Nf91aLB0RxL4KGrKHBXl7Eds1DAmEdcoVawXnLD7SDhpNgtuII2aAkg7a7QS41jxPSZ17p4VdGnMHk3MQ==",
        "dependencies": {}
      },
      "ecc-jsbn@0.1.2": {
        "integrity": "sha512-eh9O+hwRHNbG4BLTjEl3nw044CkGm5X6LoaCf7LPp7UU8Qrt47JYNi6nPX8xjW97TKGKm1ouctg0QSpZe9qrnw==",
        "dependencies": {
          "jsbn": "jsbn@0.1.1",
          "safer-buffer": "safer-buffer@2.1.2"
        }
      },
      "extend@3.0.2": {
        "integrity": "sha512-fjquC59cD7CyW6urNXK0FBufkZcoiGG80wTuPujX590cB5Ttln20E2UB4S/WARVqhXffZl2LNgS+gQdPIIim/g==",
        "dependencies": {}
      },
      "extsprintf@1.3.0": {
        "integrity": "sha512-11Ndz7Nv+mvAC1j0ktTa7fAb0vLyGGX+rMHNBYQviQDGU0Hw7lhctJANqbPhu9nV9/izT/IntTgZ7Im/9LJs9g==",
        "dependencies": {}
      },
      "fast-deep-equal@3.1.3": {
        "integrity": "sha512-f3qQ9oQy9j2AhBe/H9VC91wLmKBCCU/gDOnKNAYG5hswO7BLKj09Hc5HYNz9cGI++xlpDCIgDaitVs03ATR84Q==",
        "dependencies": {}
      },
      "fast-json-stable-stringify@2.1.0": {
        "integrity": "sha512-lhd/wF+Lk98HZoTCtlVraHtfh5XYijIjalXck7saUtuanSDyLMxnHhSXEDJqHxD7msR8D0uCmqlkwjCV8xvwHw==",
        "dependencies": {}
      },
      "forever-agent@0.6.1": {
        "integrity": "sha512-j0KLYPhm6zeac4lz3oJ3o65qvgQCcPubiyotZrXqEaG4hNagNYO8qdlUrX5vwqv9ohqeT/Z3j6+yW067yWWdUw==",
        "dependencies": {}
      },
      "form-data@2.3.3": {
        "integrity": "sha512-1lLKB2Mu3aGP1Q/2eCOx0fNbRMe7XdwktwOruhfqqd0rIJWwN4Dh+E3hrPSlDCXnSR7UtZ1N38rVXm+6+MEhJQ==",
        "dependencies": {
          "asynckit": "asynckit@0.4.0",
          "combined-stream": "combined-stream@1.0.8",
          "mime-types": "mime-types@2.1.35"
        }
      },
      "getpass@0.1.7": {
        "integrity": "sha512-0fzj9JxOLfJ+XGLhR8ze3unN0KZCgZwiSSDz168VERjK8Wl8kVSdcu2kspd4s4wtAa1y/qrVRiAA0WclVsu0ng==",
        "dependencies": {
          "assert-plus": "assert-plus@1.0.0"
        }
      },
      "har-schema@2.0.0": {
        "integrity": "sha512-Oqluz6zhGX8cyRaTQlFMPw80bSJVG2x/cFb8ZPhUILGgHka9SsokCCOQgpveePerqidZOrT14ipqfJb7ILcW5Q==",
        "dependencies": {}
      },
      "har-validator@5.1.5": {
        "integrity": "sha512-nmT2T0lljbxdQZfspsno9hgrG3Uir6Ks5afism62poxqBM6sDnMEuPmzTq8XN0OEwqKLLdh1jQI3qyE66Nzb3w==",
        "dependencies": {
          "ajv": "ajv@6.12.6",
          "har-schema": "har-schema@2.0.0"
        }
      },
      "http-signature@1.2.0": {
        "integrity": "sha512-CAbnr6Rz4CYQkLYUtSNXxQPUH2gK8f3iWexVlsnMeD+GjlsQ0Xsy1cOX+mN3dtxYomRy21CiOzU8Uhw6OwncEQ==",
        "dependencies": {
          "assert-plus": "assert-plus@1.0.0",
          "jsprim": "jsprim@1.4.2",
          "sshpk": "sshpk@1.18.0"
        }
      },
      "instagram-web-api@2.2.2_request@2.88.2": {
        "integrity": "sha512-oDIQKY6AhewbiKb8o+/NLzPkrluRjkgC0v6Pche0npexVJzpiNeS4IDg7ZfMQrNUTguFp/khgjXRBOp3FOwiGw==",
        "dependencies": {
          "is-url": "is-url@1.2.4",
          "request": "request@2.88.2",
          "request-promise-native": "request-promise-native@1.0.9_request@2.88.2",
          "tough-cookie": "tough-cookie@3.0.1",
          "useragent-from-seed": "useragent-from-seed@1.0.1"
        }
      },
      "ip-regex@2.1.0": {
        "integrity": "sha512-58yWmlHpp7VYfcdTwMTvwMmqx/Elfxjd9RXTDyMsbL7lLWmhMylLEqiYVLKuLzOZqVgiWXD9MfR62Vv89VRxkw==",
        "dependencies": {}
      },
      "is-arrayish@0.3.2": {
        "integrity": "sha512-eVRqCvVlZbuw3GrM63ovNSNAeA1K16kaR/LRY/92w0zxQ5/1YzwblUX652i4Xs9RwAGjW9d9y6X88t8OaAJfWQ==",
        "dependencies": {}
      },
      "is-typedarray@1.0.0": {
        "integrity": "sha512-cyA56iCMHAh5CdzjJIa4aohJyeO1YbwLi3Jc35MmRU6poroFjIGZzUzupGiRPOjgHg9TLu43xbpwXk523fMxKA==",
        "dependencies": {}
      },
      "is-url@1.2.4": {
        "integrity": "sha512-ITvGim8FhRiYe4IQ5uHSkj7pVaPDrCTkNd3yq3cV7iZAcJdHTUMPMEHcqSOy9xZ9qFenQCvi+2wjH9a1nXqHww==",
        "dependencies": {}
      },
      "isstream@0.1.2": {
        "integrity": "sha512-Yljz7ffyPbrLpLngrMtZ7NduUgVvi6wG9RJ9IUcyCd59YQ911PBJphODUcbOVbqYfxe1wuYf/LJ8PauMRwsM/g==",
        "dependencies": {}
      },
      "jsbn@0.1.1": {
        "integrity": "sha512-UVU9dibq2JcFWxQPA6KCqj5O42VOmAY3zQUfEKxU0KpTGXwNoCjkX1e13eHNvw/xPynt6pU0rZ1htjWTNTSXsg==",
        "dependencies": {}
      },
      "json-schema-traverse@0.4.1": {
        "integrity": "sha512-xbbCH5dCYU5T8LcEhhuh7HJ88HXuW3qsI3Y0zOZFKfZEHcpWiHU/Jxzk629Brsab/mMiHQti9wMP+845RPe3Vg==",
        "dependencies": {}
      },
      "json-schema@0.4.0": {
        "integrity": "sha512-es94M3nTIfsEPisRafak+HDLfHXnKBhV3vU5eqPcS3flIWqcxJWgXHXiey3YrpaNsanY5ei1VoYEbOzijuq9BA==",
        "dependencies": {}
      },
      "json-stringify-safe@5.0.1": {
        "integrity": "sha512-ZClg6AaYvamvYEE82d3Iyd3vSSIjQ+odgjaTzRuO3s7toCdFKczob2i0zCh7JE8kWn17yvAWhUVxvqGwUalsRA==",
        "dependencies": {}
      },
      "jsprim@1.4.2": {
        "integrity": "sha512-P2bSOMAc/ciLz6DzgjVlGJP9+BrJWu5UDGK70C2iweC5QBIeFf0ZXRvGjEj2uYgrY2MkAAhsSWHDWlFtEroZWw==",
        "dependencies": {
          "assert-plus": "assert-plus@1.0.0",
          "extsprintf": "extsprintf@1.3.0",
          "json-schema": "json-schema@0.4.0",
          "verror": "verror@1.10.0"
        }
      },
      "lodash@4.17.21": {
        "integrity": "sha512-v2kDEe57lecTulaDIuNTPy3Ry4gLGJ6Z1O3vE1krgXZNrsQ+LFTGHVxVjcXPs17LhbZVGedAJv8XZ1tvj5FvSg==",
        "dependencies": {}
      },
      "mime-db@1.52.0": {
        "integrity": "sha512-sPU4uV7dYlvtWJxwwxHD0PuihVNiE7TyAbQ5SWxDCB9mUYvOgroQOwYQQOKPJ8CIbE+1ETVlOoK1UC2nU3gYvg==",
        "dependencies": {}
      },
      "mime-types@2.1.35": {
        "integrity": "sha512-ZDY+bPm5zTTF+YpCrAU9nK0UgICYPT0QtT1NZWFv4s++TNkcgVaT0g6+4R2uI4MjQjzysHB1zxuWL50hzaeXiw==",
        "dependencies": {
          "mime-db": "mime-db@1.52.0"
        }
      },
      "oauth-sign@0.9.0": {
        "integrity": "sha512-fexhUFFPTGV8ybAtSIGbV6gOkSv8UtRbDBnAyLQw4QPKkgNlsH2ByPGtMUqdWkos6YCRmAqViwgZrJc/mRDzZQ==",
        "dependencies": {}
      },
      "park-miller@1.1.0": {
        "integrity": "sha512-6mLXc2jkM9dcavPoxDHfof2QM/baCsrgK51iHbJDHl94AwymJv2Z/iGKQVwJMWUAXFiIV6FzY9UskjU3+KvLuA==",
        "dependencies": {}
      },
      "performance-now@2.1.0": {
        "integrity": "sha512-7EAHlyLHI56VEIdK57uwHdHKIaAGbnXPiw0yWbarQZOKaKpvUIgW0jWRVLiatnM+XXlSwsanIBH/hzGMJulMow==",
        "dependencies": {}
      },
      "psl@1.9.0": {
        "integrity": "sha512-E/ZsdU4HLs/68gYzgGTkMicWTLPdAftJLfJFlLUAAKZGkStNU72sZjT66SnMDVOfOWY/YAoiD7Jxa9iHvngcag==",
        "dependencies": {}
      },
      "punycode@2.3.1": {
        "integrity": "sha512-vYt7UD1U9Wg6138shLtLOvdAu+8DsC/ilFtEVHcH+wydcSpNE20AfSOduf6MkRFahL5FY7X1oU7nKVZFtfq8Fg==",
        "dependencies": {}
      },
      "qs@6.5.3": {
        "integrity": "sha512-qxXIEh4pCGfHICj1mAJQ2/2XVZkjCDTcEgfoSQxc/fYivUZxTkk7L3bDBJSoNrEzXI17oUO5Dp07ktqE5KzczA==",
        "dependencies": {}
      },
      "randoma@1.3.0": {
        "integrity": "sha512-bi5f+w340fQ9LI4R4xYQd/YwrasOOZBPKNneSfZoCfwKYGFOVCNHilUKVzpzovS1iYY+NF/lsn5FW+EaxPBOPg==",
        "dependencies": {
          "@sindresorhus/string-hash": "@sindresorhus/string-hash@1.2.0",
          "@types/color": "@types/color@3.0.6",
          "color": "color@3.2.1",
          "park-miller": "park-miller@1.1.0"
        }
      },
      "request-promise-core@1.1.4_request@2.88.2": {
        "integrity": "sha512-TTbAfBBRdWD7aNNOoVOBH4pN/KigV6LyapYNNlAPA8JwbovRti1E88m3sYAwsLi5ryhPKsE9APwnjFTgdUjTpw==",
        "dependencies": {
          "lodash": "lodash@4.17.21",
          "request": "request@2.88.2"
        }
      },
      "request-promise-native@1.0.9_request@2.88.2": {
        "integrity": "sha512-wcW+sIUiWnKgNY0dqCpOZkUbF/I+YPi+f09JZIDa39Ec+q82CpSYniDp+ISgTTbKmnpJWASeJBPZmoxH84wt3g==",
        "dependencies": {
          "request": "request@2.88.2",
          "request-promise-core": "request-promise-core@1.1.4_request@2.88.2",
          "stealthy-require": "stealthy-require@1.1.1",
          "tough-cookie": "tough-cookie@2.5.0"
        }
      },
      "request@2.88.2": {
        "integrity": "sha512-MsvtOrfG9ZcrOwAW+Qi+F6HbD0CWXEh9ou77uOb7FM2WPhwT7smM833PzanhJLsgXjN89Ir6V2PczXNnMpwKhw==",
        "dependencies": {
          "aws-sign2": "aws-sign2@0.7.0",
          "aws4": "aws4@1.13.0",
          "caseless": "caseless@0.12.0",
          "combined-stream": "combined-stream@1.0.8",
          "extend": "extend@3.0.2",
          "forever-agent": "forever-agent@0.6.1",
          "form-data": "form-data@2.3.3",
          "har-validator": "har-validator@5.1.5",
          "http-signature": "http-signature@1.2.0",
          "is-typedarray": "is-typedarray@1.0.0",
          "isstream": "isstream@0.1.2",
          "json-stringify-safe": "json-stringify-safe@5.0.1",
          "mime-types": "mime-types@2.1.35",
          "oauth-sign": "oauth-sign@0.9.0",
          "performance-now": "performance-now@2.1.0",
          "qs": "qs@6.5.3",
          "safe-buffer": "safe-buffer@5.2.1",
          "tough-cookie": "tough-cookie@2.5.0",
          "tunnel-agent": "tunnel-agent@0.6.0",
          "uuid": "uuid@3.4.0"
        }
      },
      "safe-buffer@5.2.1": {
        "integrity": "sha512-rp3So07KcdmmKbGvgaNxQSJr7bGVSVk5S9Eq1F+ppbRo70+YeaDxkw5Dd8NPN+GD6bjnYm2VuPuCXmpuYvmCXQ==",
        "dependencies": {}
      },
      "safer-buffer@2.1.2": {
        "integrity": "sha512-YZo3K82SD7Riyi0E1EQPojLz7kpepnSQI9IyPbHHg1XXXevb5dJI7tpyN2ADxGcQbHG7vcyRHk0cbwqcQriUtg==",
        "dependencies": {}
      },
      "simple-swizzle@0.2.2": {
        "integrity": "sha512-JA//kQgZtbuY83m+xT+tXJkmJncGMTFT+C+g2h2R9uxkYIrE2yy9sgmcLhCnw57/WSD+Eh3J97FPEDFnbXnDUg==",
        "dependencies": {
          "is-arrayish": "is-arrayish@0.3.2"
        }
      },
      "sshpk@1.18.0": {
        "integrity": "sha512-2p2KJZTSqQ/I3+HX42EpYOa2l3f8Erv8MWKsy2I9uf4wA7yFIkXRffYdsx86y6z4vHtV8u7g+pPlr8/4ouAxsQ==",
        "dependencies": {
          "asn1": "asn1@0.2.6",
          "assert-plus": "assert-plus@1.0.0",
          "bcrypt-pbkdf": "bcrypt-pbkdf@1.0.2",
          "dashdash": "dashdash@1.14.1",
          "ecc-jsbn": "ecc-jsbn@0.1.2",
          "getpass": "getpass@0.1.7",
          "jsbn": "jsbn@0.1.1",
          "safer-buffer": "safer-buffer@2.1.2",
          "tweetnacl": "tweetnacl@0.14.5"
        }
      },
      "stealthy-require@1.1.1": {
        "integrity": "sha512-ZnWpYnYugiOVEY5GkcuJK1io5V8QmNYChG62gSit9pQVGErXtrKuPC55ITaVSukmMta5qpMU7vqLt2Lnni4f/g==",
        "dependencies": {}
      },
      "tough-cookie@2.5.0": {
        "integrity": "sha512-nlLsUzgm1kfLXSXfRZMc1KLAugd4hqJHDTvc2hDIwS3mZAfMEuMbc03SujMF+GEcpaX/qboeycw6iO8JwVv2+g==",
        "dependencies": {
          "psl": "psl@1.9.0",
          "punycode": "punycode@2.3.1"
        }
      },
      "tough-cookie@3.0.1": {
        "integrity": "sha512-yQyJ0u4pZsv9D4clxO69OEjLWYw+jbgspjTue4lTQZLfV0c5l1VmK2y1JK8E9ahdpltPOaAThPcp5nKPUgSnsg==",
        "dependencies": {
          "ip-regex": "ip-regex@2.1.0",
          "psl": "psl@1.9.0",
          "punycode": "punycode@2.3.1"
        }
      },
      "tunnel-agent@0.6.0": {
        "integrity": "sha512-McnNiV1l8RYeY8tBgEpuodCC1mLUdbSN+CYBL7kJsJNInOP8UjDDEwdk6Mw60vdLLrr5NHKZhMAOSrR2NZuQ+w==",
        "dependencies": {
          "safe-buffer": "safe-buffer@5.2.1"
        }
      },
      "tweetnacl@0.14.5": {
        "integrity": "sha512-KXXFFdAbFXY4geFIwoyNK+f5Z1b7swfXABfL7HXCmoIWMKU3dmS26672A4EeQtDzLKy7SXmfBu51JolvEKwtGA==",
        "dependencies": {}
      },
      "uri-js@4.4.1": {
        "integrity": "sha512-7rKUyy33Q1yc98pQ1DAmLtwX109F7TIfWlW1Ydo8Wl1ii1SeHieeh0HHfPeL2fMXK6z0s8ecKs9frCuLJvndBg==",
        "dependencies": {
          "punycode": "punycode@2.3.1"
        }
      },
      "useragent-from-seed@1.0.1": {
        "integrity": "sha512-EFAdvlqEhG1mWc6xsNLn+xfif0vRmna08oS35JM/dAsRgbMnc8g8eShAsF7aU2teM37+yYmQcPb2l9zF1PCwZQ==",
        "dependencies": {
          "randoma": "randoma@1.3.0"
        }
      },
      "uuid@3.4.0": {
        "integrity": "sha512-HjSDRw6gZE5JMggctHBcjVak08+KEVhSIiDzFnT9S9aegmp85S/bReBVTb4QTFaRNptJ9kuYaNhnbNEOkbKb/A==",
        "dependencies": {}
      },
      "verror@1.10.0": {
        "integrity": "sha512-ZZKSmDAEFOijERBLkmYfJ+vmk3w+7hOLYDNkRCuRuMJGEmqYNCNLyBBFwWKVMhfwaEF3WOd0Zlw86U/WC/+nYw==",
        "dependencies": {
          "assert-plus": "assert-plus@1.0.0",
          "core-util-is": "core-util-is@1.0.2",
          "extsprintf": "extsprintf@1.3.0"
        }
      }
    }
  },
  "remote": {}
}
